{
  "name": "WindSurfOpen",
  "lockfileVersion": 3,
  "requires": true,
  "packages": {
    "": {
      "dependencies": {
        "sql.js": "^1.12.0"
      }
    },
    "node_modules/sql.js": {
      "version": "1.12.0",
      "resolved": "https://registry.npmjs.org/sql.js/-/sql.js-1.12.0.tgz",
      "integrity": "sha512-Bi+43yMx/tUFZVYD4AUscmdL6NHn3gYQ+CM+YheFWLftOmrEC/Mz6Yh7E96Y2WDHYz3COSqT+LP6Z79zgrwJlA==",
      "license": "MIT"
    }
  }
}
